
Microsoft Visual Studio Solution File, Format Version 12.00
# Visual Studio Version 17
VisualStudioVersion = 17.0.31903.59
MinimumVisualStudioVersion = 10.0.40219.1
Project("{F2A71F9B-5D33-465A-A702-920D77279786}") = "FSharp-Cli", "FSharp-Cli\FSharp-Cli.fsproj", "{FF03D71C-D502-4FE1-9996-6993923D5413}"
EndProject
Global
	GlobalSection(SolutionConfigurationPlatforms) = preSolution
		Debug|Any CPU = Debug|Any CPU
		Release|Any CPU = Release|Any CPU
	EndGlobalSection
	GlobalSection(SolutionProperties) = preSolution
		HideSolutionNode = FALSE
	EndGlobalSection
	GlobalSection(ProjectConfigurationPlatforms) = postSolution
		{FF03D71C-D502-4FE1-9996-6993923D5413}.Debug|Any CPU.ActiveCfg = Debug|Any CPU
		{FF03D71C-D502-4FE1-9996-6993923D5413}.Debug|Any CPU.Build.0 = Debug|Any CPU
		{FF03D71C-D502-4FE1-9996-6993923D5413}.Release|Any CPU.ActiveCfg = Release|Any CPU
		{FF03D71C-D502-4FE1-9996-6993923D5413}.Release|Any CPU.Build.0 = Release|Any CPU
	EndGlobalSection
EndGlobal
